
Microsoft Visual Studio Solution File, Format Version 12.00
# Visual Studio Version 17
VisualStudioVersion = 17.9.34723.18
MinimumVisualStudioVersion = 10.0.40219.1
Project("{9A19103F-16F7-4668-BE54-9A1E7A4F7556}") = "BasicOpenCV", "BasicOpenCV\BasicOpenCV.csproj", "{AF61DEF2-ABFD-4811-AE03-9A01580087B2}"
EndProject
Project("{9A19103F-16F7-4668-BE54-9A1E7A4F7556}") = "ImageOpenCV", "ImageOpenCV\ImageOpenCV.csproj", "{DDC3F46F-5526-41C1-92FB-3DC06CDA2CDF}"
EndProject
Project("{9A19103F-16F7-4668-BE54-9A1E7A4F7556}") = "DefaultOpenCV", "DefaultOpenCV\DefaultOpenCV.csproj", "{DC11E3A5-3C02-4690-9E44-06A0A03007B0}"
EndProject
Project("{9A19103F-16F7-4668-BE54-9A1E7A4F7556}") = "BasicCvType", "BasicCvType\BasicCvType.csproj", "{C7EA8E40-83FE-44DD-BDB7-899378FD9C5F}"
EndProject
Project("{FAE04EC0-301F-11D3-BF4B-00C04F79EFBC}") = "ImageOutput", "ImageOutput\ImageOutput.csproj", "{B13F2673-3BD4-4D6F-A3EC-A8454FBA61C2}"
EndProject
Project("{FAE04EC0-301F-11D3-BF4B-00C04F79EFBC}") = "MovieOutput", "MovieOutput\MovieOutput.csproj", "{54D9098F-EF99-4B0E-982C-D53A3EE23ED1}"
EndProject
Project("{FAE04EC0-301F-11D3-BF4B-00C04F79EFBC}") = "OpenCV_707", "OpenCV_707\OpenCV_707.csproj", "{BD830767-1E7E-4E8E-A3CD-DDE1247B62EE}"
EndProject
Project("{FAE04EC0-301F-11D3-BF4B-00C04F79EFBC}") = "OpenCVWin_707", "OpenCVWin_707\OpenCVWin_707.csproj", "{06202FB1-6F19-4AE8-AC2B-EBAD01FD297E}"
EndProject
Project("{FAE04EC0-301F-11D3-BF4B-00C04F79EFBC}") = "CVCns_708", "CVCns_708\CVCns_708.csproj", "{6CE911CF-B0EE-42CD-AFAB-D2FBAEF21A46}"
EndProject
Project("{FAE04EC0-301F-11D3-BF4B-00C04F79EFBC}") = "CVWin_708", "CVWin_708\CVWin_708.csproj", "{8A0AB6AF-C8E3-43F1-8772-A3668494DAA6}"
EndProject
Project("{FAE04EC0-301F-11D3-BF4B-00C04F79EFBC}") = "CVWin_709", "CVWin_709\CVWin_709.csproj", "{630139FB-7A94-4694-BCFD-D225B549EA1F}"
EndProject
Project("{FAE04EC0-301F-11D3-BF4B-00C04F79EFBC}") = "MPWin_709", "MPWin_709\MPWin_709.csproj", "{F990994E-84D3-406E-999B-DE4101821BDB}"
EndProject
Global
	GlobalSection(SolutionConfigurationPlatforms) = preSolution
		Debug|Any CPU = Debug|Any CPU
		Release|Any CPU = Release|Any CPU
	EndGlobalSection
	GlobalSection(ProjectConfigurationPlatforms) = postSolution
		{AF61DEF2-ABFD-4811-AE03-9A01580087B2}.Debug|Any CPU.ActiveCfg = Debug|Any CPU
		{AF61DEF2-ABFD-4811-AE03-9A01580087B2}.Debug|Any CPU.Build.0 = Debug|Any CPU
		{AF61DEF2-ABFD-4811-AE03-9A01580087B2}.Release|Any CPU.ActiveCfg = Release|Any CPU
		{AF61DEF2-ABFD-4811-AE03-9A01580087B2}.Release|Any CPU.Build.0 = Release|Any CPU
		{DDC3F46F-5526-41C1-92FB-3DC06CDA2CDF}.Debug|Any CPU.ActiveCfg = Debug|Any CPU
		{DDC3F46F-5526-41C1-92FB-3DC06CDA2CDF}.Debug|Any CPU.Build.0 = Debug|Any CPU
		{DDC3F46F-5526-41C1-92FB-3DC06CDA2CDF}.Release|Any CPU.ActiveCfg = Release|Any CPU
		{DDC3F46F-5526-41C1-92FB-3DC06CDA2CDF}.Release|Any CPU.Build.0 = Release|Any CPU
		{DC11E3A5-3C02-4690-9E44-06A0A03007B0}.Debug|Any CPU.ActiveCfg = Debug|Any CPU
		{DC11E3A5-3C02-4690-9E44-06A0A03007B0}.Debug|Any CPU.Build.0 = Debug|Any CPU
		{DC11E3A5-3C02-4690-9E44-06A0A03007B0}.Release|Any CPU.ActiveCfg = Release|Any CPU
		{DC11E3A5-3C02-4690-9E44-06A0A03007B0}.Release|Any CPU.Build.0 = Release|Any CPU
		{C7EA8E40-83FE-44DD-BDB7-899378FD9C5F}.Debug|Any CPU.ActiveCfg = Debug|Any CPU
		{C7EA8E40-83FE-44DD-BDB7-899378FD9C5F}.Debug|Any CPU.Build.0 = Debug|Any CPU
		{C7EA8E40-83FE-44DD-BDB7-899378FD9C5F}.Release|Any CPU.ActiveCfg = Release|Any CPU
		{C7EA8E40-83FE-44DD-BDB7-899378FD9C5F}.Release|Any CPU.Build.0 = Release|Any CPU
		{B13F2673-3BD4-4D6F-A3EC-A8454FBA61C2}.Debug|Any CPU.ActiveCfg = Debug|Any CPU
		{B13F2673-3BD4-4D6F-A3EC-A8454FBA61C2}.Debug|Any CPU.Build.0 = Debug|Any CPU
		{B13F2673-3BD4-4D6F-A3EC-A8454FBA61C2}.Release|Any CPU.ActiveCfg = Release|Any CPU
		{B13F2673-3BD4-4D6F-A3EC-A8454FBA61C2}.Release|Any CPU.Build.0 = Release|Any CPU
		{54D9098F-EF99-4B0E-982C-D53A3EE23ED1}.Debug|Any CPU.ActiveCfg = Debug|Any CPU
		{54D9098F-EF99-4B0E-982C-D53A3EE23ED1}.Debug|Any CPU.Build.0 = Debug|Any CPU
		{54D9098F-EF99-4B0E-982C-D53A3EE23ED1}.Release|Any CPU.ActiveCfg = Release|Any CPU
		{54D9098F-EF99-4B0E-982C-D53A3EE23ED1}.Release|Any CPU.Build.0 = Release|Any CPU
		{BD830767-1E7E-4E8E-A3CD-DDE1247B62EE}.Debug|Any CPU.ActiveCfg = Debug|Any CPU
		{BD830767-1E7E-4E8E-A3CD-DDE1247B62EE}.Debug|Any CPU.Build.0 = Debug|Any CPU
		{BD830767-1E7E-4E8E-A3CD-DDE1247B62EE}.Release|Any CPU.ActiveCfg = Release|Any CPU
		{BD830767-1E7E-4E8E-A3CD-DDE1247B62EE}.Release|Any CPU.Build.0 = Release|Any CPU
		{06202FB1-6F19-4AE8-AC2B-EBAD01FD297E}.Debug|Any CPU.ActiveCfg = Debug|Any CPU
		{06202FB1-6F19-4AE8-AC2B-EBAD01FD297E}.Debug|Any CPU.Build.0 = Debug|Any CPU
		{06202FB1-6F19-4AE8-AC2B-EBAD01FD297E}.Release|Any CPU.ActiveCfg = Release|Any CPU
		{06202FB1-6F19-4AE8-AC2B-EBAD01FD297E}.Release|Any CPU.Build.0 = Release|Any CPU
		{6CE911CF-B0EE-42CD-AFAB-D2FBAEF21A46}.Debug|Any CPU.ActiveCfg = Debug|Any CPU
		{6CE911CF-B0EE-42CD-AFAB-D2FBAEF21A46}.Debug|Any CPU.Build.0 = Debug|Any CPU
		{6CE911CF-B0EE-42CD-AFAB-D2FBAEF21A46}.Release|Any CPU.ActiveCfg = Release|Any CPU
		{6CE911CF-B0EE-42CD-AFAB-D2FBAEF21A46}.Release|Any CPU.Build.0 = Release|Any CPU
		{8A0AB6AF-C8E3-43F1-8772-A3668494DAA6}.Debug|Any CPU.ActiveCfg = Debug|Any CPU
		{8A0AB6AF-C8E3-43F1-8772-A3668494DAA6}.Debug|Any CPU.Build.0 = Debug|Any CPU
		{8A0AB6AF-C8E3-43F1-8772-A3668494DAA6}.Release|Any CPU.ActiveCfg = Release|Any CPU
		{8A0AB6AF-C8E3-43F1-8772-A3668494DAA6}.Release|Any CPU.Build.0 = Release|Any CPU
		{630139FB-7A94-4694-BCFD-D225B549EA1F}.Debug|Any CPU.ActiveCfg = Debug|Any CPU
		{630139FB-7A94-4694-BCFD-D225B549EA1F}.Debug|Any CPU.Build.0 = Debug|Any CPU
		{630139FB-7A94-4694-BCFD-D225B549EA1F}.Release|Any CPU.ActiveCfg = Release|Any CPU
		{630139FB-7A94-4694-BCFD-D225B549EA1F}.Release|Any CPU.Build.0 = Release|Any CPU
		{F990994E-84D3-406E-999B-DE4101821BDB}.Debug|Any CPU.ActiveCfg = Debug|Any CPU
		{F990994E-84D3-406E-999B-DE4101821BDB}.Debug|Any CPU.Build.0 = Debug|Any CPU
		{F990994E-84D3-406E-999B-DE4101821BDB}.Release|Any CPU.ActiveCfg = Release|Any CPU
		{F990994E-84D3-406E-999B-DE4101821BDB}.Release|Any CPU.Build.0 = Release|Any CPU
	EndGlobalSection
	GlobalSection(SolutionProperties) = preSolution
		HideSolutionNode = FALSE
	EndGlobalSection
	GlobalSection(ExtensibilityGlobals) = postSolution
		SolutionGuid = {AF3BDDA6-D403-4C06-AE2A-1A2040364A42}
	EndGlobalSection
EndGlobal
