
Microsoft Visual Studio Solution File, Format Version 12.00
# Visual Studio Version 17
VisualStudioVersion = 17.9.34723.18
MinimumVisualStudioVersion = 10.0.40219.1
Project("{9A19103F-16F7-4668-BE54-9A1E7A4F7556}") = "BasicOpenCV", "BasicOpenCV\BasicOpenCV.csproj", "{AF61DEF2-ABFD-4811-AE03-9A01580087B2}"
EndProject
Project("{9A19103F-16F7-4668-BE54-9A1E7A4F7556}") = "ImageOpenCV", "ImageOpenCV\ImageOpenCV.csproj", "{DDC3F46F-5526-41C1-92FB-3DC06CDA2CDF}"
EndProject
Project("{9A19103F-16F7-4668-BE54-9A1E7A4F7556}") = "DefaultOpenCV", "DefaultOpenCV\DefaultOpenCV.csproj", "{DC11E3A5-3C02-4690-9E44-06A0A03007B0}"
EndProject
Project("{9A19103F-16F7-4668-BE54-9A1E7A4F7556}") = "BasicCvType", "BasicCvType\BasicCvType.csproj", "{C7EA8E40-83FE-44DD-BDB7-899378FD9C5F}"
EndProject
Project("{9A19103F-16F7-4668-BE54-9A1E7A4F7556}") = "ImageOutput", "ImageOutput\ImageOutput.csproj", "{B13F2673-3BD4-4D6F-A3EC-A8454FBA61C2}"
EndProject
Project("{9A19103F-16F7-4668-BE54-9A1E7A4F7556}") = "MovieOutput", "MovieOutput\MovieOutput.csproj", "{54D9098F-EF99-4B0E-982C-D53A3EE23ED1}"
EndProject
Project("{9A19103F-16F7-4668-BE54-9A1E7A4F7556}") = "OpenCV_707", "OpenCV_707\OpenCV_707.csproj", "{BD830767-1E7E-4E8E-A3CD-DDE1247B62EE}"
EndProject
Project("{9A19103F-16F7-4668-BE54-9A1E7A4F7556}") = "OpenCVWin_707", "OpenCVWin_707\OpenCVWin_707.csproj", "{06202FB1-6F19-4AE8-AC2B-EBAD01FD297E}"
EndProject
Project("{9A19103F-16F7-4668-BE54-9A1E7A4F7556}") = "CVCns_708", "CVCns_708\CVCns_708.csproj", "{6CE911CF-B0EE-42CD-AFAB-D2FBAEF21A46}"
EndProject
Project("{9A19103F-16F7-4668-BE54-9A1E7A4F7556}") = "CVWin_708", "CVWin_708\CVWin_708.csproj", "{8A0AB6AF-C8E3-43F1-8772-A3668494DAA6}"
EndProject
Project("{9A19103F-16F7-4668-BE54-9A1E7A4F7556}") = "CVWin_709", "CVWin_709\CVWin_709.csproj", "{630139FB-7A94-4694-BCFD-D225B549EA1F}"
EndProject
Project("{9A19103F-16F7-4668-BE54-9A1E7A4F7556}") = "MPWin_709", "MPWin_709\MPWin_709.csproj", "{F990994E-84D3-406E-999B-DE4101821BDB}"
EndProject
Project("{9A19103F-16F7-4668-BE54-9A1E7A4F7556}") = "DXWin_709", "DXWin_709\DXWin_709.csproj", "{0692AEE6-D129-4D98-93DA-4CC775DF9955}"
EndProject
Project("{9A19103F-16F7-4668-BE54-9A1E7A4F7556}") = "VLCWin_709", "VLCWin_709\VLCWin_709.csproj", "{B34B506A-F15A-4383-9089-1765272D8E30}"
EndProject
Project("{9A19103F-16F7-4668-BE54-9A1E7A4F7556}") = "CVCnsCamera", "CVCnsCamera\CVCnsCamera.csproj", "{EA07FEC3-8B91-44CA-A4C9-D5FE8FDFF407}"
EndProject
Project("{9A19103F-16F7-4668-BE54-9A1E7A4F7556}") = "CVCnsDrawing", "CVCnsDrawing\CVCnsDrawing.csproj", "{828FD44E-0B93-4C4D-B42E-49EAFA861287}"
EndProject
Project("{9A19103F-16F7-4668-BE54-9A1E7A4F7556}") = "CVCnsMouse", "CVCnsMouse\CVCnsMouse.csproj", "{7E779AF1-59EB-4650-BB0A-02BAC44F60F1}"
EndProject
Project("{9A19103F-16F7-4668-BE54-9A1E7A4F7556}") = "CVCnsImgSave", "CVCnsImgSave\CVCnsImgSave.csproj", "{C8C8CA85-88CB-4CDD-A04D-BE1731354859}"
EndProject
Project("{9A19103F-16F7-4668-BE54-9A1E7A4F7556}") = "CVCnsMovSave", "CVCnsMovSave\CVCnsMovSave.csproj", "{8C40B565-E715-4BFE-96F5-A1E30E5A9B7C}"
EndProject
Project("{2150E333-8FDC-42A3-9474-1A3956D46DE8}") = "0204_기초예제", "0204_기초예제", "{F08FCCFC-EBAB-4DCE-8F8B-06FD5823D3F9}"
EndProject
Project("{2150E333-8FDC-42A3-9474-1A3956D46DE8}") = "0102_시작하기", "0102_시작하기", "{2546A7E6-C6BC-4F83-B151-E4A579C84EBF}"
EndProject
Project("{2150E333-8FDC-42A3-9474-1A3956D46DE8}") = "0103_데이터타입", "0103_데이터타입", "{95AB6395-9545-4335-9507-F2E98E6977A9}"
EndProject
Project("{2150E333-8FDC-42A3-9474-1A3956D46DE8}") = "0205_이미지변형", "0205_이미지변형", "{C38D1C68-3406-4CD5-A8FA-168E42210CA6}"
EndProject
Project("{9A19103F-16F7-4668-BE54-9A1E7A4F7556}") = "CVWin_0501", "CVWin_0501\CVWin_0501.csproj", "{40FB812F-074B-41CD-99C6-1954160EB889}"
EndProject
Project("{FAE04EC0-301F-11D3-BF4B-00C04F79EFBC}") = "CVWin_0507", "CVWin_0507\CVWin_0507.csproj", "{97DBD6F8-65E4-4A85-AB15-F3D2E7757679}"
EndProject
Project("{2150E333-8FDC-42A3-9474-1A3956D46DE8}") = "0207_이미지검출", "0207_이미지검출", "{C8C9E006-D44B-44B3-B3D2-7552C1FF0981}"
EndProject
Project("{FAE04EC0-301F-11D3-BF4B-00C04F79EFBC}") = "CVWin_0701", "CVWin_0701\CVWin_0701.csproj", "{678B6C70-074C-4A61-834F-4BF7E6E6CBE6}"
EndProject
Global
	GlobalSection(SolutionConfigurationPlatforms) = preSolution
		Debug|Any CPU = Debug|Any CPU
		Release|Any CPU = Release|Any CPU
	EndGlobalSection
	GlobalSection(ProjectConfigurationPlatforms) = postSolution
		{AF61DEF2-ABFD-4811-AE03-9A01580087B2}.Debug|Any CPU.ActiveCfg = Debug|Any CPU
		{AF61DEF2-ABFD-4811-AE03-9A01580087B2}.Debug|Any CPU.Build.0 = Debug|Any CPU
		{AF61DEF2-ABFD-4811-AE03-9A01580087B2}.Release|Any CPU.ActiveCfg = Release|Any CPU
		{AF61DEF2-ABFD-4811-AE03-9A01580087B2}.Release|Any CPU.Build.0 = Release|Any CPU
		{DDC3F46F-5526-41C1-92FB-3DC06CDA2CDF}.Debug|Any CPU.ActiveCfg = Debug|Any CPU
		{DDC3F46F-5526-41C1-92FB-3DC06CDA2CDF}.Debug|Any CPU.Build.0 = Debug|Any CPU
		{DDC3F46F-5526-41C1-92FB-3DC06CDA2CDF}.Release|Any CPU.ActiveCfg = Release|Any CPU
		{DDC3F46F-5526-41C1-92FB-3DC06CDA2CDF}.Release|Any CPU.Build.0 = Release|Any CPU
		{DC11E3A5-3C02-4690-9E44-06A0A03007B0}.Debug|Any CPU.ActiveCfg = Debug|Any CPU
		{DC11E3A5-3C02-4690-9E44-06A0A03007B0}.Debug|Any CPU.Build.0 = Debug|Any CPU
		{DC11E3A5-3C02-4690-9E44-06A0A03007B0}.Release|Any CPU.ActiveCfg = Release|Any CPU
		{DC11E3A5-3C02-4690-9E44-06A0A03007B0}.Release|Any CPU.Build.0 = Release|Any CPU
		{C7EA8E40-83FE-44DD-BDB7-899378FD9C5F}.Debug|Any CPU.ActiveCfg = Debug|Any CPU
		{C7EA8E40-83FE-44DD-BDB7-899378FD9C5F}.Debug|Any CPU.Build.0 = Debug|Any CPU
		{C7EA8E40-83FE-44DD-BDB7-899378FD9C5F}.Release|Any CPU.ActiveCfg = Release|Any CPU
		{C7EA8E40-83FE-44DD-BDB7-899378FD9C5F}.Release|Any CPU.Build.0 = Release|Any CPU
		{B13F2673-3BD4-4D6F-A3EC-A8454FBA61C2}.Debug|Any CPU.ActiveCfg = Debug|Any CPU
		{B13F2673-3BD4-4D6F-A3EC-A8454FBA61C2}.Debug|Any CPU.Build.0 = Debug|Any CPU
		{B13F2673-3BD4-4D6F-A3EC-A8454FBA61C2}.Release|Any CPU.ActiveCfg = Release|Any CPU
		{B13F2673-3BD4-4D6F-A3EC-A8454FBA61C2}.Release|Any CPU.Build.0 = Release|Any CPU
		{54D9098F-EF99-4B0E-982C-D53A3EE23ED1}.Debug|Any CPU.ActiveCfg = Debug|Any CPU
		{54D9098F-EF99-4B0E-982C-D53A3EE23ED1}.Debug|Any CPU.Build.0 = Debug|Any CPU
		{54D9098F-EF99-4B0E-982C-D53A3EE23ED1}.Release|Any CPU.ActiveCfg = Release|Any CPU
		{54D9098F-EF99-4B0E-982C-D53A3EE23ED1}.Release|Any CPU.Build.0 = Release|Any CPU
		{BD830767-1E7E-4E8E-A3CD-DDE1247B62EE}.Debug|Any CPU.ActiveCfg = Debug|Any CPU
		{BD830767-1E7E-4E8E-A3CD-DDE1247B62EE}.Debug|Any CPU.Build.0 = Debug|Any CPU
		{BD830767-1E7E-4E8E-A3CD-DDE1247B62EE}.Release|Any CPU.ActiveCfg = Release|Any CPU
		{BD830767-1E7E-4E8E-A3CD-DDE1247B62EE}.Release|Any CPU.Build.0 = Release|Any CPU
		{06202FB1-6F19-4AE8-AC2B-EBAD01FD297E}.Debug|Any CPU.ActiveCfg = Debug|Any CPU
		{06202FB1-6F19-4AE8-AC2B-EBAD01FD297E}.Debug|Any CPU.Build.0 = Debug|Any CPU
		{06202FB1-6F19-4AE8-AC2B-EBAD01FD297E}.Release|Any CPU.ActiveCfg = Release|Any CPU
		{06202FB1-6F19-4AE8-AC2B-EBAD01FD297E}.Release|Any CPU.Build.0 = Release|Any CPU
		{6CE911CF-B0EE-42CD-AFAB-D2FBAEF21A46}.Debug|Any CPU.ActiveCfg = Debug|Any CPU
		{6CE911CF-B0EE-42CD-AFAB-D2FBAEF21A46}.Debug|Any CPU.Build.0 = Debug|Any CPU
		{6CE911CF-B0EE-42CD-AFAB-D2FBAEF21A46}.Release|Any CPU.ActiveCfg = Release|Any CPU
		{6CE911CF-B0EE-42CD-AFAB-D2FBAEF21A46}.Release|Any CPU.Build.0 = Release|Any CPU
		{8A0AB6AF-C8E3-43F1-8772-A3668494DAA6}.Debug|Any CPU.ActiveCfg = Debug|Any CPU
		{8A0AB6AF-C8E3-43F1-8772-A3668494DAA6}.Debug|Any CPU.Build.0 = Debug|Any CPU
		{8A0AB6AF-C8E3-43F1-8772-A3668494DAA6}.Release|Any CPU.ActiveCfg = Release|Any CPU
		{8A0AB6AF-C8E3-43F1-8772-A3668494DAA6}.Release|Any CPU.Build.0 = Release|Any CPU
		{630139FB-7A94-4694-BCFD-D225B549EA1F}.Debug|Any CPU.ActiveCfg = Debug|Any CPU
		{630139FB-7A94-4694-BCFD-D225B549EA1F}.Debug|Any CPU.Build.0 = Debug|Any CPU
		{630139FB-7A94-4694-BCFD-D225B549EA1F}.Release|Any CPU.ActiveCfg = Release|Any CPU
		{630139FB-7A94-4694-BCFD-D225B549EA1F}.Release|Any CPU.Build.0 = Release|Any CPU
		{F990994E-84D3-406E-999B-DE4101821BDB}.Debug|Any CPU.ActiveCfg = Debug|Any CPU
		{F990994E-84D3-406E-999B-DE4101821BDB}.Debug|Any CPU.Build.0 = Debug|Any CPU
		{F990994E-84D3-406E-999B-DE4101821BDB}.Release|Any CPU.ActiveCfg = Release|Any CPU
		{F990994E-84D3-406E-999B-DE4101821BDB}.Release|Any CPU.Build.0 = Release|Any CPU
		{0692AEE6-D129-4D98-93DA-4CC775DF9955}.Debug|Any CPU.ActiveCfg = Debug|Any CPU
		{0692AEE6-D129-4D98-93DA-4CC775DF9955}.Debug|Any CPU.Build.0 = Debug|Any CPU
		{0692AEE6-D129-4D98-93DA-4CC775DF9955}.Release|Any CPU.ActiveCfg = Release|Any CPU
		{0692AEE6-D129-4D98-93DA-4CC775DF9955}.Release|Any CPU.Build.0 = Release|Any CPU
		{B34B506A-F15A-4383-9089-1765272D8E30}.Debug|Any CPU.ActiveCfg = Debug|Any CPU
		{B34B506A-F15A-4383-9089-1765272D8E30}.Debug|Any CPU.Build.0 = Debug|Any CPU
		{B34B506A-F15A-4383-9089-1765272D8E30}.Release|Any CPU.ActiveCfg = Release|Any CPU
		{B34B506A-F15A-4383-9089-1765272D8E30}.Release|Any CPU.Build.0 = Release|Any CPU
		{EA07FEC3-8B91-44CA-A4C9-D5FE8FDFF407}.Debug|Any CPU.ActiveCfg = Debug|Any CPU
		{EA07FEC3-8B91-44CA-A4C9-D5FE8FDFF407}.Debug|Any CPU.Build.0 = Debug|Any CPU
		{EA07FEC3-8B91-44CA-A4C9-D5FE8FDFF407}.Release|Any CPU.ActiveCfg = Release|Any CPU
		{EA07FEC3-8B91-44CA-A4C9-D5FE8FDFF407}.Release|Any CPU.Build.0 = Release|Any CPU
		{828FD44E-0B93-4C4D-B42E-49EAFA861287}.Debug|Any CPU.ActiveCfg = Debug|Any CPU
		{828FD44E-0B93-4C4D-B42E-49EAFA861287}.Debug|Any CPU.Build.0 = Debug|Any CPU
		{828FD44E-0B93-4C4D-B42E-49EAFA861287}.Release|Any CPU.ActiveCfg = Release|Any CPU
		{828FD44E-0B93-4C4D-B42E-49EAFA861287}.Release|Any CPU.Build.0 = Release|Any CPU
		{7E779AF1-59EB-4650-BB0A-02BAC44F60F1}.Debug|Any CPU.ActiveCfg = Debug|Any CPU
		{7E779AF1-59EB-4650-BB0A-02BAC44F60F1}.Debug|Any CPU.Build.0 = Debug|Any CPU
		{7E779AF1-59EB-4650-BB0A-02BAC44F60F1}.Release|Any CPU.ActiveCfg = Release|Any CPU
		{7E779AF1-59EB-4650-BB0A-02BAC44F60F1}.Release|Any CPU.Build.0 = Release|Any CPU
		{C8C8CA85-88CB-4CDD-A04D-BE1731354859}.Debug|Any CPU.ActiveCfg = Debug|Any CPU
		{C8C8CA85-88CB-4CDD-A04D-BE1731354859}.Debug|Any CPU.Build.0 = Debug|Any CPU
		{C8C8CA85-88CB-4CDD-A04D-BE1731354859}.Release|Any CPU.ActiveCfg = Release|Any CPU
		{C8C8CA85-88CB-4CDD-A04D-BE1731354859}.Release|Any CPU.Build.0 = Release|Any CPU
		{8C40B565-E715-4BFE-96F5-A1E30E5A9B7C}.Debug|Any CPU.ActiveCfg = Debug|Any CPU
		{8C40B565-E715-4BFE-96F5-A1E30E5A9B7C}.Debug|Any CPU.Build.0 = Debug|Any CPU
		{8C40B565-E715-4BFE-96F5-A1E30E5A9B7C}.Release|Any CPU.ActiveCfg = Release|Any CPU
		{8C40B565-E715-4BFE-96F5-A1E30E5A9B7C}.Release|Any CPU.Build.0 = Release|Any CPU
		{40FB812F-074B-41CD-99C6-1954160EB889}.Debug|Any CPU.ActiveCfg = Debug|Any CPU
		{40FB812F-074B-41CD-99C6-1954160EB889}.Debug|Any CPU.Build.0 = Debug|Any CPU
		{40FB812F-074B-41CD-99C6-1954160EB889}.Release|Any CPU.ActiveCfg = Release|Any CPU
		{40FB812F-074B-41CD-99C6-1954160EB889}.Release|Any CPU.Build.0 = Release|Any CPU
		{97DBD6F8-65E4-4A85-AB15-F3D2E7757679}.Debug|Any CPU.ActiveCfg = Debug|Any CPU
		{97DBD6F8-65E4-4A85-AB15-F3D2E7757679}.Debug|Any CPU.Build.0 = Debug|Any CPU
		{97DBD6F8-65E4-4A85-AB15-F3D2E7757679}.Release|Any CPU.ActiveCfg = Release|Any CPU
		{97DBD6F8-65E4-4A85-AB15-F3D2E7757679}.Release|Any CPU.Build.0 = Release|Any CPU
		{678B6C70-074C-4A61-834F-4BF7E6E6CBE6}.Debug|Any CPU.ActiveCfg = Debug|Any CPU
		{678B6C70-074C-4A61-834F-4BF7E6E6CBE6}.Debug|Any CPU.Build.0 = Debug|Any CPU
		{678B6C70-074C-4A61-834F-4BF7E6E6CBE6}.Release|Any CPU.ActiveCfg = Release|Any CPU
		{678B6C70-074C-4A61-834F-4BF7E6E6CBE6}.Release|Any CPU.Build.0 = Release|Any CPU
	EndGlobalSection
	GlobalSection(SolutionProperties) = preSolution
		HideSolutionNode = FALSE
	EndGlobalSection
	GlobalSection(NestedProjects) = preSolution
		{AF61DEF2-ABFD-4811-AE03-9A01580087B2} = {2546A7E6-C6BC-4F83-B151-E4A579C84EBF}
		{DDC3F46F-5526-41C1-92FB-3DC06CDA2CDF} = {2546A7E6-C6BC-4F83-B151-E4A579C84EBF}
		{DC11E3A5-3C02-4690-9E44-06A0A03007B0} = {2546A7E6-C6BC-4F83-B151-E4A579C84EBF}
		{C7EA8E40-83FE-44DD-BDB7-899378FD9C5F} = {95AB6395-9545-4335-9507-F2E98E6977A9}
		{B13F2673-3BD4-4D6F-A3EC-A8454FBA61C2} = {F08FCCFC-EBAB-4DCE-8F8B-06FD5823D3F9}
		{54D9098F-EF99-4B0E-982C-D53A3EE23ED1} = {F08FCCFC-EBAB-4DCE-8F8B-06FD5823D3F9}
		{BD830767-1E7E-4E8E-A3CD-DDE1247B62EE} = {F08FCCFC-EBAB-4DCE-8F8B-06FD5823D3F9}
		{06202FB1-6F19-4AE8-AC2B-EBAD01FD297E} = {F08FCCFC-EBAB-4DCE-8F8B-06FD5823D3F9}
		{6CE911CF-B0EE-42CD-AFAB-D2FBAEF21A46} = {F08FCCFC-EBAB-4DCE-8F8B-06FD5823D3F9}
		{8A0AB6AF-C8E3-43F1-8772-A3668494DAA6} = {F08FCCFC-EBAB-4DCE-8F8B-06FD5823D3F9}
		{630139FB-7A94-4694-BCFD-D225B549EA1F} = {F08FCCFC-EBAB-4DCE-8F8B-06FD5823D3F9}
		{F990994E-84D3-406E-999B-DE4101821BDB} = {F08FCCFC-EBAB-4DCE-8F8B-06FD5823D3F9}
		{0692AEE6-D129-4D98-93DA-4CC775DF9955} = {F08FCCFC-EBAB-4DCE-8F8B-06FD5823D3F9}
		{B34B506A-F15A-4383-9089-1765272D8E30} = {F08FCCFC-EBAB-4DCE-8F8B-06FD5823D3F9}
		{EA07FEC3-8B91-44CA-A4C9-D5FE8FDFF407} = {F08FCCFC-EBAB-4DCE-8F8B-06FD5823D3F9}
		{828FD44E-0B93-4C4D-B42E-49EAFA861287} = {F08FCCFC-EBAB-4DCE-8F8B-06FD5823D3F9}
		{7E779AF1-59EB-4650-BB0A-02BAC44F60F1} = {F08FCCFC-EBAB-4DCE-8F8B-06FD5823D3F9}
		{C8C8CA85-88CB-4CDD-A04D-BE1731354859} = {F08FCCFC-EBAB-4DCE-8F8B-06FD5823D3F9}
		{8C40B565-E715-4BFE-96F5-A1E30E5A9B7C} = {F08FCCFC-EBAB-4DCE-8F8B-06FD5823D3F9}
		{40FB812F-074B-41CD-99C6-1954160EB889} = {C38D1C68-3406-4CD5-A8FA-168E42210CA6}
		{97DBD6F8-65E4-4A85-AB15-F3D2E7757679} = {C38D1C68-3406-4CD5-A8FA-168E42210CA6}
		{678B6C70-074C-4A61-834F-4BF7E6E6CBE6} = {C8C9E006-D44B-44B3-B3D2-7552C1FF0981}
	EndGlobalSection
	GlobalSection(ExtensibilityGlobals) = postSolution
		SolutionGuid = {AF3BDDA6-D403-4C06-AE2A-1A2040364A42}
	EndGlobalSection
EndGlobal
